
Microsoft Visual Studio Solution File, Format Version 12.00
# Visual Studio 15
VisualStudioVersion = 15.0.28307.1000
MinimumVisualStudioVersion = 10.0.40219.1
Project("{FAE04EC0-301F-11D3-BF4B-00C04F79EFBC}") = "TaskMain", "TaskMain\TaskMain.csproj", "{79AC68DD-C930-430F-8C4A-3AD5801B0DFE}"
EndProject
Global
	GlobalSection(SolutionConfigurationPlatforms) = preSolution
		Debug|Any CPU = Debug|Any CPU
		Release|Any CPU = Release|Any CPU
	EndGlobalSection
	GlobalSection(ProjectConfigurationPlatforms) = postSolution
		{79AC68DD-C930-430F-8C4A-3AD5801B0DFE}.Debug|Any CPU.ActiveCfg = Debug|Any CPU
		{79AC68DD-C930-430F-8C4A-3AD5801B0DFE}.Debug|Any CPU.Build.0 = Debug|Any CPU
		{79AC68DD-C930-430F-8C4A-3AD5801B0DFE}.Release|Any CPU.ActiveCfg = Release|Any CPU
		{79AC68DD-C930-430F-8C4A-3AD5801B0DFE}.Release|Any CPU.Build.0 = Release|Any CPU
	EndGlobalSection
	GlobalSection(SolutionProperties) = preSolution
		HideSolutionNode = FALSE
	EndGlobalSection
	GlobalSection(ExtensibilityGlobals) = postSolution
		SolutionGuid = {B80A3306-1BB0-49AB-8E22-60F8745AE4B8}
	EndGlobalSection
EndGlobal
