
Microsoft Visual Studio Solution File, Format Version 12.00
# Visual Studio 15
VisualStudioVersion = 15.0.28307.1000
MinimumVisualStudioVersion = 10.0.40219.1
Project("{FAE04EC0-301F-11D3-BF4B-00C04F79EFBC}") = "XMLLinq", "XMLLinq\XMLLinq.csproj", "{A5398F45-4B4C-45FC-BE3B-EB728453F055}"
EndProject
Global
	GlobalSection(SolutionConfigurationPlatforms) = preSolution
		Debug|Any CPU = Debug|Any CPU
		Release|Any CPU = Release|Any CPU
	EndGlobalSection
	GlobalSection(ProjectConfigurationPlatforms) = postSolution
		{A5398F45-4B4C-45FC-BE3B-EB728453F055}.Debug|Any CPU.ActiveCfg = Debug|Any CPU
		{A5398F45-4B4C-45FC-BE3B-EB728453F055}.Debug|Any CPU.Build.0 = Debug|Any CPU
		{A5398F45-4B4C-45FC-BE3B-EB728453F055}.Release|Any CPU.ActiveCfg = Release|Any CPU
		{A5398F45-4B4C-45FC-BE3B-EB728453F055}.Release|Any CPU.Build.0 = Release|Any CPU
	EndGlobalSection
	GlobalSection(SolutionProperties) = preSolution
		HideSolutionNode = FALSE
	EndGlobalSection
	GlobalSection(ExtensibilityGlobals) = postSolution
		SolutionGuid = {598CDCC5-48EB-46A9-834A-6EE81C04B25B}
	EndGlobalSection
EndGlobal
