
Microsoft Visual Studio Solution File, Format Version 12.00
# Visual Studio 15
VisualStudioVersion = 15.0.28307.1000
MinimumVisualStudioVersion = 10.0.40219.1
Project("{FAE04EC0-301F-11D3-BF4B-00C04F79EFBC}") = "WebOperationsLearn", "WebOperationsLearn\WebOperationsLearn.csproj", "{D341CCD9-7F15-4D3F-8934-EBFD26382096}"
EndProject
Global
	GlobalSection(SolutionConfigurationPlatforms) = preSolution
		Debug|Any CPU = Debug|Any CPU
		Release|Any CPU = Release|Any CPU
	EndGlobalSection
	GlobalSection(ProjectConfigurationPlatforms) = postSolution
		{D341CCD9-7F15-4D3F-8934-EBFD26382096}.Debug|Any CPU.ActiveCfg = Debug|Any CPU
		{D341CCD9-7F15-4D3F-8934-EBFD26382096}.Debug|Any CPU.Build.0 = Debug|Any CPU
		{D341CCD9-7F15-4D3F-8934-EBFD26382096}.Release|Any CPU.ActiveCfg = Release|Any CPU
		{D341CCD9-7F15-4D3F-8934-EBFD26382096}.Release|Any CPU.Build.0 = Release|Any CPU
	EndGlobalSection
	GlobalSection(SolutionProperties) = preSolution
		HideSolutionNode = FALSE
	EndGlobalSection
	GlobalSection(ExtensibilityGlobals) = postSolution
		SolutionGuid = {876F25D6-7464-4BF6-AAC2-2350F9EF35B0}
	EndGlobalSection
EndGlobal
