
Microsoft Visual Studio Solution File, Format Version 12.00
# Visual Studio 15
VisualStudioVersion = 15.0.26730.16
MinimumVisualStudioVersion = 10.0.40219.1
Project("{FAE04EC0-301F-11D3-BF4B-00C04F79EFBC}") = "Enum", "Enum\Enum.csproj", "{7F55FA08-F628-420D-867E-91977D8A9AF1}"
EndProject
Global
	GlobalSection(SolutionConfigurationPlatforms) = preSolution
		Debug|Any CPU = Debug|Any CPU
		Release|Any CPU = Release|Any CPU
	EndGlobalSection
	GlobalSection(ProjectConfigurationPlatforms) = postSolution
		{7F55FA08-F628-420D-867E-91977D8A9AF1}.Debug|Any CPU.ActiveCfg = Debug|Any CPU
		{7F55FA08-F628-420D-867E-91977D8A9AF1}.Debug|Any CPU.Build.0 = Debug|Any CPU
		{7F55FA08-F628-420D-867E-91977D8A9AF1}.Release|Any CPU.ActiveCfg = Release|Any CPU
		{7F55FA08-F628-420D-867E-91977D8A9AF1}.Release|Any CPU.Build.0 = Release|Any CPU
	EndGlobalSection
	GlobalSection(SolutionProperties) = preSolution
		HideSolutionNode = FALSE
	EndGlobalSection
	GlobalSection(ExtensibilityGlobals) = postSolution
		SolutionGuid = {87DF09CF-2647-46D8-AFF6-23224CA6CF57}
	EndGlobalSection
EndGlobal
