
Microsoft Visual Studio Solution File, Format Version 12.00
# Visual Studio 15
VisualStudioVersion = 15.0.28307.1000
MinimumVisualStudioVersion = 10.0.40219.1
Project("{FAE04EC0-301F-11D3-BF4B-00C04F79EFBC}") = "LibraryTask1", "LibraryTask1\LibraryTask1.csproj", "{868474E6-8F22-45C2-B2A7-3FB5FAD915D7}"
EndProject
Global
	GlobalSection(SolutionConfigurationPlatforms) = preSolution
		Debug|Any CPU = Debug|Any CPU
		Release|Any CPU = Release|Any CPU
	EndGlobalSection
	GlobalSection(ProjectConfigurationPlatforms) = postSolution
		{868474E6-8F22-45C2-B2A7-3FB5FAD915D7}.Debug|Any CPU.ActiveCfg = Debug|Any CPU
		{868474E6-8F22-45C2-B2A7-3FB5FAD915D7}.Debug|Any CPU.Build.0 = Debug|Any CPU
		{868474E6-8F22-45C2-B2A7-3FB5FAD915D7}.Release|Any CPU.ActiveCfg = Release|Any CPU
		{868474E6-8F22-45C2-B2A7-3FB5FAD915D7}.Release|Any CPU.Build.0 = Release|Any CPU
	EndGlobalSection
	GlobalSection(SolutionProperties) = preSolution
		HideSolutionNode = FALSE
	EndGlobalSection
	GlobalSection(ExtensibilityGlobals) = postSolution
		SolutionGuid = {B85021DF-8745-4125-ADC6-FC38A59AA3C2}
	EndGlobalSection
EndGlobal
