
Microsoft Visual Studio Solution File, Format Version 12.00
# Visual Studio 15
VisualStudioVersion = 15.0.28307.1000
MinimumVisualStudioVersion = 10.0.40219.1
Project("{FAE04EC0-301F-11D3-BF4B-00C04F79EFBC}") = "ADOConnection", "ADOConnection\ADOConnection.csproj", "{3950AE53-6E64-4848-8DB2-47290E9E1520}"
EndProject
Global
	GlobalSection(SolutionConfigurationPlatforms) = preSolution
		Debug|Any CPU = Debug|Any CPU
		Release|Any CPU = Release|Any CPU
	EndGlobalSection
	GlobalSection(ProjectConfigurationPlatforms) = postSolution
		{3950AE53-6E64-4848-8DB2-47290E9E1520}.Debug|Any CPU.ActiveCfg = Debug|Any CPU
		{3950AE53-6E64-4848-8DB2-47290E9E1520}.Debug|Any CPU.Build.0 = Debug|Any CPU
		{3950AE53-6E64-4848-8DB2-47290E9E1520}.Release|Any CPU.ActiveCfg = Release|Any CPU
		{3950AE53-6E64-4848-8DB2-47290E9E1520}.Release|Any CPU.Build.0 = Release|Any CPU
	EndGlobalSection
	GlobalSection(SolutionProperties) = preSolution
		HideSolutionNode = FALSE
	EndGlobalSection
	GlobalSection(ExtensibilityGlobals) = postSolution
		SolutionGuid = {6D7BF3C5-DFD1-432C-9B89-6C6FA2FED9F4}
	EndGlobalSection
EndGlobal
