
Microsoft Visual Studio Solution File, Format Version 12.00
# Visual Studio 15
VisualStudioVersion = 15.0.28307.1000
MinimumVisualStudioVersion = 10.0.40219.1
Project("{FAE04EC0-301F-11D3-BF4B-00C04F79EFBC}") = "Delegate Practice", "Delegate Practice\Delegate Practice.csproj", "{2381FF47-2B60-4BBD-8887-28D79DA68617}"
EndProject
Global
	GlobalSection(SolutionConfigurationPlatforms) = preSolution
		Debug|Any CPU = Debug|Any CPU
		Release|Any CPU = Release|Any CPU
	EndGlobalSection
	GlobalSection(ProjectConfigurationPlatforms) = postSolution
		{2381FF47-2B60-4BBD-8887-28D79DA68617}.Debug|Any CPU.ActiveCfg = Debug|Any CPU
		{2381FF47-2B60-4BBD-8887-28D79DA68617}.Debug|Any CPU.Build.0 = Debug|Any CPU
		{2381FF47-2B60-4BBD-8887-28D79DA68617}.Release|Any CPU.ActiveCfg = Release|Any CPU
		{2381FF47-2B60-4BBD-8887-28D79DA68617}.Release|Any CPU.Build.0 = Release|Any CPU
	EndGlobalSection
	GlobalSection(SolutionProperties) = preSolution
		HideSolutionNode = FALSE
	EndGlobalSection
	GlobalSection(ExtensibilityGlobals) = postSolution
		SolutionGuid = {AF687E14-8C07-487D-83B5-91405B39772A}
	EndGlobalSection
EndGlobal
