
Microsoft Visual Studio Solution File, Format Version 12.00
# Visual Studio 15
VisualStudioVersion = 15.0.28307.1000
MinimumVisualStudioVersion = 10.0.40219.1
Project("{FAE04EC0-301F-11D3-BF4B-00C04F79EFBC}") = "Task18", "Task18\Task18.csproj", "{F65BA87B-BCB1-45FF-8E87-CD24A30B184F}"
EndProject
Global
	GlobalSection(SolutionConfigurationPlatforms) = preSolution
		Debug|Any CPU = Debug|Any CPU
		Release|Any CPU = Release|Any CPU
	EndGlobalSection
	GlobalSection(ProjectConfigurationPlatforms) = postSolution
		{F65BA87B-BCB1-45FF-8E87-CD24A30B184F}.Debug|Any CPU.ActiveCfg = Debug|Any CPU
		{F65BA87B-BCB1-45FF-8E87-CD24A30B184F}.Debug|Any CPU.Build.0 = Debug|Any CPU
		{F65BA87B-BCB1-45FF-8E87-CD24A30B184F}.Release|Any CPU.ActiveCfg = Release|Any CPU
		{F65BA87B-BCB1-45FF-8E87-CD24A30B184F}.Release|Any CPU.Build.0 = Release|Any CPU
	EndGlobalSection
	GlobalSection(SolutionProperties) = preSolution
		HideSolutionNode = FALSE
	EndGlobalSection
	GlobalSection(ExtensibilityGlobals) = postSolution
		SolutionGuid = {344F1579-4794-40AC-B9B4-BD72CE3EEE90}
	EndGlobalSection
EndGlobal
