
Microsoft Visual Studio Solution File, Format Version 12.00
# Visual Studio 15
VisualStudioVersion = 15.0.28307.1000
MinimumVisualStudioVersion = 10.0.40219.1
Project("{FAE04EC0-301F-11D3-BF4B-00C04F79EFBC}") = "UnluckyWebsite", "UnluckyWebsite\UnluckyWebsite.csproj", "{BA2AF56E-5D7D-42D4-9B75-5429AC79A44E}"
EndProject
Global
	GlobalSection(SolutionConfigurationPlatforms) = preSolution
		Debug|Any CPU = Debug|Any CPU
		Release|Any CPU = Release|Any CPU
	EndGlobalSection
	GlobalSection(ProjectConfigurationPlatforms) = postSolution
		{BA2AF56E-5D7D-42D4-9B75-5429AC79A44E}.Debug|Any CPU.ActiveCfg = Debug|Any CPU
		{BA2AF56E-5D7D-42D4-9B75-5429AC79A44E}.Debug|Any CPU.Build.0 = Debug|Any CPU
		{BA2AF56E-5D7D-42D4-9B75-5429AC79A44E}.Release|Any CPU.ActiveCfg = Release|Any CPU
		{BA2AF56E-5D7D-42D4-9B75-5429AC79A44E}.Release|Any CPU.Build.0 = Release|Any CPU
	EndGlobalSection
	GlobalSection(SolutionProperties) = preSolution
		HideSolutionNode = FALSE
	EndGlobalSection
	GlobalSection(ExtensibilityGlobals) = postSolution
		SolutionGuid = {1F9DBF2C-7A14-4040-99E6-360D7CBBFB83}
	EndGlobalSection
EndGlobal
