
Microsoft Visual Studio Solution File, Format Version 12.00
# Visual Studio 15
VisualStudioVersion = 15.0.28307.1000
MinimumVisualStudioVersion = 10.0.40219.1
Project("{FAE04EC0-301F-11D3-BF4B-00C04F79EFBC}") = "LocalConnection1", "LocalConnection1\LocalConnection1.csproj", "{50C5494E-4111-4E86-930D-A79757E813D5}"
EndProject
Global
	GlobalSection(SolutionConfigurationPlatforms) = preSolution
		Debug|Any CPU = Debug|Any CPU
		Release|Any CPU = Release|Any CPU
	EndGlobalSection
	GlobalSection(ProjectConfigurationPlatforms) = postSolution
		{50C5494E-4111-4E86-930D-A79757E813D5}.Debug|Any CPU.ActiveCfg = Debug|Any CPU
		{50C5494E-4111-4E86-930D-A79757E813D5}.Debug|Any CPU.Build.0 = Debug|Any CPU
		{50C5494E-4111-4E86-930D-A79757E813D5}.Release|Any CPU.ActiveCfg = Release|Any CPU
		{50C5494E-4111-4E86-930D-A79757E813D5}.Release|Any CPU.Build.0 = Release|Any CPU
	EndGlobalSection
	GlobalSection(SolutionProperties) = preSolution
		HideSolutionNode = FALSE
	EndGlobalSection
	GlobalSection(ExtensibilityGlobals) = postSolution
		SolutionGuid = {138C50D7-E370-4639-AF8D-164E72446582}
	EndGlobalSection
EndGlobal
