
Microsoft Visual Studio Solution File, Format Version 12.00
# Visual Studio 15
VisualStudioVersion = 15.0.28307.1000
MinimumVisualStudioVersion = 10.0.40219.1
Project("{FAE04EC0-301F-11D3-BF4B-00C04F79EFBC}") = "ReflectionsDeom", "ReflectionsDeom\ReflectionsDeom.csproj", "{C5CACC00-CD7E-4C3E-830A-13F5BD623AEE}"
EndProject
Global
	GlobalSection(SolutionConfigurationPlatforms) = preSolution
		Debug|Any CPU = Debug|Any CPU
		Release|Any CPU = Release|Any CPU
	EndGlobalSection
	GlobalSection(ProjectConfigurationPlatforms) = postSolution
		{C5CACC00-CD7E-4C3E-830A-13F5BD623AEE}.Debug|Any CPU.ActiveCfg = Debug|Any CPU
		{C5CACC00-CD7E-4C3E-830A-13F5BD623AEE}.Debug|Any CPU.Build.0 = Debug|Any CPU
		{C5CACC00-CD7E-4C3E-830A-13F5BD623AEE}.Release|Any CPU.ActiveCfg = Release|Any CPU
		{C5CACC00-CD7E-4C3E-830A-13F5BD623AEE}.Release|Any CPU.Build.0 = Release|Any CPU
	EndGlobalSection
	GlobalSection(SolutionProperties) = preSolution
		HideSolutionNode = FALSE
	EndGlobalSection
	GlobalSection(ExtensibilityGlobals) = postSolution
		SolutionGuid = {3CDD4B72-D39D-4B2B-AADB-DF35CF7D67AA}
	EndGlobalSection
EndGlobal
