
Microsoft Visual Studio Solution File, Format Version 12.00
# Visual Studio 15
VisualStudioVersion = 15.0.28307.1000
MinimumVisualStudioVersion = 10.0.40219.1
Project("{FAE04EC0-301F-11D3-BF4B-00C04F79EFBC}") = "RunTimeAssign", "RunTimeAssign\RunTimeAssign.csproj", "{1F04B4A2-04B5-4CD9-A4C3-7C0A89AA8658}"
EndProject
Global
	GlobalSection(SolutionConfigurationPlatforms) = preSolution
		Debug|Any CPU = Debug|Any CPU
		Release|Any CPU = Release|Any CPU
	EndGlobalSection
	GlobalSection(ProjectConfigurationPlatforms) = postSolution
		{1F04B4A2-04B5-4CD9-A4C3-7C0A89AA8658}.Debug|Any CPU.ActiveCfg = Debug|Any CPU
		{1F04B4A2-04B5-4CD9-A4C3-7C0A89AA8658}.Debug|Any CPU.Build.0 = Debug|Any CPU
		{1F04B4A2-04B5-4CD9-A4C3-7C0A89AA8658}.Release|Any CPU.ActiveCfg = Release|Any CPU
		{1F04B4A2-04B5-4CD9-A4C3-7C0A89AA8658}.Release|Any CPU.Build.0 = Release|Any CPU
	EndGlobalSection
	GlobalSection(SolutionProperties) = preSolution
		HideSolutionNode = FALSE
	EndGlobalSection
	GlobalSection(ExtensibilityGlobals) = postSolution
		SolutionGuid = {0647F7BB-1D9A-4C3F-BE45-97AA4AD1BDF0}
	EndGlobalSection
EndGlobal
