
Microsoft Visual Studio Solution File, Format Version 12.00
# Visual Studio 15
VisualStudioVersion = 15.0.28307.1000
MinimumVisualStudioVersion = 10.0.40219.1
Project("{FAE04EC0-301F-11D3-BF4B-00C04F79EFBC}") = "MasterPageDemo", "MasterPageDemo\MasterPageDemo.csproj", "{EB2CCA1F-DA21-42AE-906C-BF74D6885A6D}"
EndProject
Global
	GlobalSection(SolutionConfigurationPlatforms) = preSolution
		Debug|Any CPU = Debug|Any CPU
		Release|Any CPU = Release|Any CPU
	EndGlobalSection
	GlobalSection(ProjectConfigurationPlatforms) = postSolution
		{EB2CCA1F-DA21-42AE-906C-BF74D6885A6D}.Debug|Any CPU.ActiveCfg = Debug|Any CPU
		{EB2CCA1F-DA21-42AE-906C-BF74D6885A6D}.Debug|Any CPU.Build.0 = Debug|Any CPU
		{EB2CCA1F-DA21-42AE-906C-BF74D6885A6D}.Release|Any CPU.ActiveCfg = Release|Any CPU
		{EB2CCA1F-DA21-42AE-906C-BF74D6885A6D}.Release|Any CPU.Build.0 = Release|Any CPU
	EndGlobalSection
	GlobalSection(SolutionProperties) = preSolution
		HideSolutionNode = FALSE
	EndGlobalSection
	GlobalSection(ExtensibilityGlobals) = postSolution
		SolutionGuid = {17E98D88-AB51-4DEE-815B-A773E6A0076C}
	EndGlobalSection
EndGlobal
